
Microsoft Visual Studio Solution File, Format Version 12.00
# Visual Studio Version 17
VisualStudioVersion = 17.0.31903.59
MinimumVisualStudioVersion = 10.0.40219.1
Project("{2150E333-8FDC-42A3-9474-1A3956D46DE8}") = "src", "src", "{827E0CD3-B72D-47B6-A68D-7590B98EB39B}"
EndProject
Project("{FAE04EC0-301F-11D3-BF4B-00C04F79EFBC}") = "AppSupportHub.Domain", "src\AppSupportHub.Domain\AppSupportHub.Domain.csproj", "{9191ED6A-1A7D-43F6-AF2C-9C7696812C74}"
EndProject
Project("{FAE04EC0-301F-11D3-BF4B-00C04F79EFBC}") = "AppSupportHub.Application", "src\AppSupportHub.Application\AppSupportHub.Application.csproj", "{62E46051-0D0C-4A0A-A9B6-C57DFCA019AE}"
EndProject
Project("{FAE04EC0-301F-11D3-BF4B-00C04F79EFBC}") = "AppSupportHub.Infrastructure", "src\AppSupportHub.Infrastructure\AppSupportHub.Infrastructure.csproj", "{083D23B2-7037-44B4-BB82-E1C14BDA8C08}"
EndProject
Project("{FAE04EC0-301F-11D3-BF4B-00C04F79EFBC}") = "AppSupportHub.Web", "src\AppSupportHub.Web\AppSupportHub.Web.csproj", "{98E8E63E-75A4-481A-AB0C-CC329B1E453D}"
EndProject
Project("{2150E333-8FDC-42A3-9474-1A3956D46DE8}") = "tests", "tests", "{0AB3BF05-4346-4AA6-1389-037BE0695223}"
EndProject
Project("{FAE04EC0-301F-11D3-BF4B-00C04F79EFBC}") = "AppSupportHub.UnitTests", "tests\AppSupportHub.UnitTests\AppSupportHub.UnitTests.csproj", "{19181F80-21A4-42FA-ACB6-30126D4B96FE}"
EndProject
Project("{FAE04EC0-301F-11D3-BF4B-00C04F79EFBC}") = "AppSupportHub.IntegrationTests", "tests\AppSupportHub.IntegrationTests\AppSupportHub.IntegrationTests.csproj", "{E2C70DB2-A042-44B9-AC50-92C5104B4289}"
EndProject
Project("{FAE04EC0-301F-11D3-BF4B-00C04F79EFBC}") = "AppSupportHub.ArchitectureTests", "tests\AppSupportHub.ArchitectureTests\AppSupportHub.ArchitectureTests.csproj", "{40AEC155-C4B6-4578-BE33-9A82B785EE3C}"
EndProject
Global
	GlobalSection(SolutionConfigurationPlatforms) = preSolution
		Debug|Any CPU = Debug|Any CPU
		Debug|x64 = Debug|x64
		Debug|x86 = Debug|x86
		Release|Any CPU = Release|Any CPU
		Release|x64 = Release|x64
		Release|x86 = Release|x86
	EndGlobalSection
	GlobalSection(ProjectConfigurationPlatforms) = postSolution
		{9191ED6A-1A7D-43F6-AF2C-9C7696812C74}.Debug|Any CPU.ActiveCfg = Debug|Any CPU
		{9191ED6A-1A7D-43F6-AF2C-9C7696812C74}.Debug|Any CPU.Build.0 = Debug|Any CPU
		{9191ED6A-1A7D-43F6-AF2C-9C7696812C74}.Debug|x64.ActiveCfg = Debug|Any CPU
		{9191ED6A-1A7D-43F6-AF2C-9C7696812C74}.Debug|x64.Build.0 = Debug|Any CPU
		{9191ED6A-1A7D-43F6-AF2C-9C7696812C74}.Debug|x86.ActiveCfg = Debug|Any CPU
		{9191ED6A-1A7D-43F6-AF2C-9C7696812C74}.Debug|x86.Build.0 = Debug|Any CPU
		{9191ED6A-1A7D-43F6-AF2C-9C7696812C74}.Release|Any CPU.ActiveCfg = Release|Any CPU
		{9191ED6A-1A7D-43F6-AF2C-9C7696812C74}.Release|Any CPU.Build.0 = Release|Any CPU
		{9191ED6A-1A7D-43F6-AF2C-9C7696812C74}.Release|x64.ActiveCfg = Release|Any CPU
		{9191ED6A-1A7D-43F6-AF2C-9C7696812C74}.Release|x64.Build.0 = Release|Any CPU
		{9191ED6A-1A7D-43F6-AF2C-9C7696812C74}.Release|x86.ActiveCfg = Release|Any CPU
		{9191ED6A-1A7D-43F6-AF2C-9C7696812C74}.Release|x86.Build.0 = Release|Any CPU
		{62E46051-0D0C-4A0A-A9B6-C57DFCA019AE}.Debug|Any CPU.ActiveCfg = Debug|Any CPU
		{62E46051-0D0C-4A0A-A9B6-C57DFCA019AE}.Debug|Any CPU.Build.0 = Debug|Any CPU
		{62E46051-0D0C-4A0A-A9B6-C57DFCA019AE}.Debug|x64.ActiveCfg = Debug|Any CPU
		{62E46051-0D0C-4A0A-A9B6-C57DFCA019AE}.Debug|x64.Build.0 = Debug|Any CPU
		{62E46051-0D0C-4A0A-A9B6-C57DFCA019AE}.Debug|x86.ActiveCfg = Debug|Any CPU
		{62E46051-0D0C-4A0A-A9B6-C57DFCA019AE}.Debug|x86.Build.0 = Debug|Any CPU
		{62E46051-0D0C-4A0A-A9B6-C57DFCA019AE}.Release|Any CPU.ActiveCfg = Release|Any CPU
		{62E46051-0D0C-4A0A-A9B6-C57DFCA019AE}.Release|Any CPU.Build.0 = Release|Any CPU
		{62E46051-0D0C-4A0A-A9B6-C57DFCA019AE}.Release|x64.ActiveCfg = Release|Any CPU
		{62E46051-0D0C-4A0A-A9B6-C57DFCA019AE}.Release|x64.Build.0 = Release|Any CPU
		{62E46051-0D0C-4A0A-A9B6-C57DFCA019AE}.Release|x86.ActiveCfg = Release|Any CPU
		{62E46051-0D0C-4A0A-A9B6-C57DFCA019AE}.Release|x86.Build.0 = Release|Any CPU
		{083D23B2-7037-44B4-BB82-E1C14BDA8C08}.Debug|Any CPU.ActiveCfg = Debug|Any CPU
		{083D23B2-7037-44B4-BB82-E1C14BDA8C08}.Debug|Any CPU.Build.0 = Debug|Any CPU
		{083D23B2-7037-44B4-BB82-E1C14BDA8C08}.Debug|x64.ActiveCfg = Debug|Any CPU
		{083D23B2-7037-44B4-BB82-E1C14BDA8C08}.Debug|x64.Build.0 = Debug|Any CPU
		{083D23B2-7037-44B4-BB82-E1C14BDA8C08}.Debug|x86.ActiveCfg = Debug|Any CPU
		{083D23B2-7037-44B4-BB82-E1C14BDA8C08}.Debug|x86.Build.0 = Debug|Any CPU
		{083D23B2-7037-44B4-BB82-E1C14BDA8C08}.Release|Any CPU.ActiveCfg = Release|Any CPU
		{083D23B2-7037-44B4-BB82-E1C14BDA8C08}.Release|Any CPU.Build.0 = Release|Any CPU
		{083D23B2-7037-44B4-BB82-E1C14BDA8C08}.Release|x64.ActiveCfg = Release|Any CPU
		{083D23B2-7037-44B4-BB82-E1C14BDA8C08}.Release|x64.Build.0 = Release|Any CPU
		{083D23B2-7037-44B4-BB82-E1C14BDA8C08}.Release|x86.ActiveCfg = Release|Any CPU
		{083D23B2-7037-44B4-BB82-E1C14BDA8C08}.Release|x86.Build.0 = Release|Any CPU
		{98E8E63E-75A4-481A-AB0C-CC329B1E453D}.Debug|Any CPU.ActiveCfg = Debug|Any CPU
		{98E8E63E-75A4-481A-AB0C-CC329B1E453D}.Debug|Any CPU.Build.0 = Debug|Any CPU
		{98E8E63E-75A4-481A-AB0C-CC329B1E453D}.Debug|x64.ActiveCfg = Debug|Any CPU
		{98E8E63E-75A4-481A-AB0C-CC329B1E453D}.Debug|x64.Build.0 = Debug|Any CPU
		{98E8E63E-75A4-481A-AB0C-CC329B1E453D}.Debug|x86.ActiveCfg = Debug|Any CPU
		{98E8E63E-75A4-481A-AB0C-CC329B1E453D}.Debug|x86.Build.0 = Debug|Any CPU
		{98E8E63E-75A4-481A-AB0C-CC329B1E453D}.Release|Any CPU.ActiveCfg = Release|Any CPU
		{98E8E63E-75A4-481A-AB0C-CC329B1E453D}.Release|Any CPU.Build.0 = Release|Any CPU
		{98E8E63E-75A4-481A-AB0C-CC329B1E453D}.Release|x64.ActiveCfg = Release|Any CPU
		{98E8E63E-75A4-481A-AB0C-CC329B1E453D}.Release|x64.Build.0 = Release|Any CPU
		{98E8E63E-75A4-481A-AB0C-CC329B1E453D}.Release|x86.ActiveCfg = Release|Any CPU
		{98E8E63E-75A4-481A-AB0C-CC329B1E453D}.Release|x86.Build.0 = Release|Any CPU
		{19181F80-21A4-42FA-ACB6-30126D4B96FE}.Debug|Any CPU.ActiveCfg = Debug|Any CPU
		{19181F80-21A4-42FA-ACB6-30126D4B96FE}.Debug|Any CPU.Build.0 = Debug|Any CPU
		{19181F80-21A4-42FA-ACB6-30126D4B96FE}.Debug|x64.ActiveCfg = Debug|Any CPU
		{19181F80-21A4-42FA-ACB6-30126D4B96FE}.Debug|x64.Build.0 = Debug|Any CPU
		{19181F80-21A4-42FA-ACB6-30126D4B96FE}.Debug|x86.ActiveCfg = Debug|Any CPU
		{19181F80-21A4-42FA-ACB6-30126D4B96FE}.Debug|x86.Build.0 = Debug|Any CPU
		{19181F80-21A4-42FA-ACB6-30126D4B96FE}.Release|Any CPU.ActiveCfg = Release|Any CPU
		{19181F80-21A4-42FA-ACB6-30126D4B96FE}.Release|Any CPU.Build.0 = Release|Any CPU
		{19181F80-21A4-42FA-ACB6-30126D4B96FE}.Release|x64.ActiveCfg = Release|Any CPU
		{19181F80-21A4-42FA-ACB6-30126D4B96FE}.Release|x64.Build.0 = Release|Any CPU
		{19181F80-21A4-42FA-ACB6-30126D4B96FE}.Release|x86.ActiveCfg = Release|Any CPU
		{19181F80-21A4-42FA-ACB6-30126D4B96FE}.Release|x86.Build.0 = Release|Any CPU
		{E2C70DB2-A042-44B9-AC50-92C5104B4289}.Debug|Any CPU.ActiveCfg = Debug|Any CPU
		{E2C70DB2-A042-44B9-AC50-92C5104B4289}.Debug|Any CPU.Build.0 = Debug|Any CPU
		{E2C70DB2-A042-44B9-AC50-92C5104B4289}.Debug|x64.ActiveCfg = Debug|Any CPU
		{E2C70DB2-A042-44B9-AC50-92C5104B4289}.Debug|x64.Build.0 = Debug|Any CPU
		{E2C70DB2-A042-44B9-AC50-92C5104B4289}.Debug|x86.ActiveCfg = Debug|Any CPU
		{E2C70DB2-A042-44B9-AC50-92C5104B4289}.Debug|x86.Build.0 = Debug|Any CPU
		{E2C70DB2-A042-44B9-AC50-92C5104B4289}.Release|Any CPU.ActiveCfg = Release|Any CPU
		{E2C70DB2-A042-44B9-AC50-92C5104B4289}.Release|Any CPU.Build.0 = Release|Any CPU
		{E2C70DB2-A042-44B9-AC50-92C5104B4289}.Release|x64.ActiveCfg = Release|Any CPU
		{E2C70DB2-A042-44B9-AC50-92C5104B4289}.Release|x64.Build.0 = Release|Any CPU
		{E2C70DB2-A042-44B9-AC50-92C5104B4289}.Release|x86.ActiveCfg = Release|Any CPU
		{E2C70DB2-A042-44B9-AC50-92C5104B4289}.Release|x86.Build.0 = Release|Any CPU
		{40AEC155-C4B6-4578-BE33-9A82B785EE3C}.Debug|Any CPU.ActiveCfg = Debug|Any CPU
		{40AEC155-C4B6-4578-BE33-9A82B785EE3C}.Debug|Any CPU.Build.0 = Debug|Any CPU
		{40AEC155-C4B6-4578-BE33-9A82B785EE3C}.Debug|x64.ActiveCfg = Debug|Any CPU
		{40AEC155-C4B6-4578-BE33-9A82B785EE3C}.Debug|x64.Build.0 = Debug|Any CPU
		{40AEC155-C4B6-4578-BE33-9A82B785EE3C}.Debug|x86.ActiveCfg = Debug|Any CPU
		{40AEC155-C4B6-4578-BE33-9A82B785EE3C}.Debug|x86.Build.0 = Debug|Any CPU
		{40AEC155-C4B6-4578-BE33-9A82B785EE3C}.Release|Any CPU.ActiveCfg = Release|Any CPU
		{40AEC155-C4B6-4578-BE33-9A82B785EE3C}.Release|Any CPU.Build.0 = Release|Any CPU
		{40AEC155-C4B6-4578-BE33-9A82B785EE3C}.Release|x64.ActiveCfg = Release|Any CPU
		{40AEC155-C4B6-4578-BE33-9A82B785EE3C}.Release|x64.Build.0 = Release|Any CPU
		{40AEC155-C4B6-4578-BE33-9A82B785EE3C}.Release|x86.ActiveCfg = Release|Any CPU
		{40AEC155-C4B6-4578-BE33-9A82B785EE3C}.Release|x86.Build.0 = Release|Any CPU
	EndGlobalSection
	GlobalSection(SolutionProperties) = preSolution
		HideSolutionNode = FALSE
	EndGlobalSection
	GlobalSection(NestedProjects) = preSolution
		{9191ED6A-1A7D-43F6-AF2C-9C7696812C74} = {827E0CD3-B72D-47B6-A68D-7590B98EB39B}
		{62E46051-0D0C-4A0A-A9B6-C57DFCA019AE} = {827E0CD3-B72D-47B6-A68D-7590B98EB39B}
		{083D23B2-7037-44B4-BB82-E1C14BDA8C08} = {827E0CD3-B72D-47B6-A68D-7590B98EB39B}
		{98E8E63E-75A4-481A-AB0C-CC329B1E453D} = {827E0CD3-B72D-47B6-A68D-7590B98EB39B}
		{19181F80-21A4-42FA-ACB6-30126D4B96FE} = {0AB3BF05-4346-4AA6-1389-037BE0695223}
		{E2C70DB2-A042-44B9-AC50-92C5104B4289} = {0AB3BF05-4346-4AA6-1389-037BE0695223}
		{40AEC155-C4B6-4578-BE33-9A82B785EE3C} = {0AB3BF05-4346-4AA6-1389-037BE0695223}
	EndGlobalSection
EndGlobal
